
Microsoft Visual Studio Solution File, Format Version 12.00
# SQL Server Management Studio Version 21
VisualStudioVersion = 17.14.36429.23 d17.14
MinimumVisualStudioVersion = 10.0.40219.1
Project("{4F2E2C19-372F-40D8-9FA7-9D2138C6997A}") = "company-database-sql", "company-database-sql\company-database-sql.ssmssqlproj", "{D7FFE4BD-6642-A210-EA92-2A30E7FFD4F3}"
EndProject
Global
	GlobalSection(SolutionConfigurationPlatforms) = preSolution
		Default|Default = Default|Default
	EndGlobalSection
	GlobalSection(ProjectConfigurationPlatforms) = postSolution
		{D7FFE4BD-6642-A210-EA92-2A30E7FFD4F3}.Default|Default.ActiveCfg = Default
	EndGlobalSection
	GlobalSection(SolutionProperties) = preSolution
		HideSolutionNode = FALSE
	EndGlobalSection
	GlobalSection(ExtensibilityGlobals) = postSolution
		SolutionGuid = {9AE06736-D14E-40C6-8387-642B9CFA0EDA}
	EndGlobalSection
EndGlobal
